
Microsoft Visual Studio Solution File, Format Version 12.00
# Visual Studio 15
VisualStudioVersion = 15.0.28307.539
MinimumVisualStudioVersion = 10.0.40219.1
Project("{FAE04EC0-301F-11D3-BF4B-00C04F79EFBC}") = "Atividade3", "Atividade3\Atividade3.csproj", "{730079EC-5284-46EC-97E7-729C6E2A9688}"
EndProject
Global
	GlobalSection(SolutionConfigurationPlatforms) = preSolution
		Debug|Any CPU = Debug|Any CPU
		Release|Any CPU = Release|Any CPU
	EndGlobalSection
	GlobalSection(ProjectConfigurationPlatforms) = postSolution
		{730079EC-5284-46EC-97E7-729C6E2A9688}.Debug|Any CPU.ActiveCfg = Debug|Any CPU
		{730079EC-5284-46EC-97E7-729C6E2A9688}.Debug|Any CPU.Build.0 = Debug|Any CPU
		{730079EC-5284-46EC-97E7-729C6E2A9688}.Release|Any CPU.ActiveCfg = Release|Any CPU
		{730079EC-5284-46EC-97E7-729C6E2A9688}.Release|Any CPU.Build.0 = Release|Any CPU
	EndGlobalSection
	GlobalSection(SolutionProperties) = preSolution
		HideSolutionNode = FALSE
	EndGlobalSection
	GlobalSection(ExtensibilityGlobals) = postSolution
		SolutionGuid = {11113B44-D789-4932-A514-5865F700B93A}
	EndGlobalSection
EndGlobal
